// !$*UTF8*$!
{
	archiveVersion = 1;
	classes = {
	};
	objectVersion = 50;
	objects = {

/* Begin PBXBuildFile section */
		74520CD02585341C005AE7DF /* AppDelegate.swift in Sources */ = {isa = PBXBuildFile; fileRef = 74520CCF2585341C005AE7DF /* AppDelegate.swift */; };
		74520CD22585341C005AE7DF /* SceneDelegate.swift in Sources */ = {isa = PBXBuildFile; fileRef = 74520CD12585341C005AE7DF /* SceneDelegate.swift */; };
		74520CD42585341C005AE7DF /* ViewController.swift in Sources */ = {isa = PBXBuildFile; fileRef = 74520CD32585341C005AE7DF /* ViewController.swift */; };
		74520CD72585341C005AE7DF /* Main.storyboard in Resources */ = {isa = PBXBuildFile; fileRef = 74520CD52585341C005AE7DF /* Main.storyboard */; };
		74520CD92585341D005AE7DF /* Assets.xcassets in Resources */ = {isa = PBXBuildFile; fileRef = 74520CD82585341D005AE7DF /* Assets.xcassets */; };
		74520CDC2585341D005AE7DF /* LaunchScreen.storyboard in Resources */ = {isa = PBXBuildFile; fileRef = 74520CDA2585341D005AE7DF /* LaunchScreen.storyboard */; };
		74520CE72585341D005AE7DF /* cIFilterEyesTests.swift in Sources */ = {isa = PBXBuildFile; fileRef = 74520CE62585341D005AE7DF /* cIFilterEyesTests.swift */; };
		74520CF22585341D005AE7DF /* cIFilterEyesUITests.swift in Sources */ = {isa = PBXBuildFile; fileRef = 74520CF12585341D005AE7DF /* cIFilterEyesUITests.swift */; };
/* End PBXBuildFile section */

/* Begin PBXContainerItemProxy section */
		74520CE32585341D005AE7DF /* PBXContainerItemProxy */ = {
			isa = PBXContainerItemProxy;
			containerPortal = 74520CC42585341C005AE7DF /* Project object */;
			proxyType = 1;
			remoteGlobalIDString = 74520CCB2585341C005AE7DF;
			remoteInfo = cIFilterEyes;
		};
		74520CEE2585341D005AE7DF /* PBXContainerItemProxy */ = {
			isa = PBXContainerItemProxy;
			containerPortal = 74520CC42585341C005AE7DF /* Project object */;
			proxyType = 1;
			remoteGlobalIDString = 74520CCB2585341C005AE7DF;
			remoteInfo = cIFilterEyes;
		};
/* End PBXContainerItemProxy section */

/* Begin PBXFileReference section */
		74520CCC2585341C005AE7DF /* cIFilterEyes.app */ = {isa = PBXFileReference; explicitFileType = wrapper.application; includeInIndex = 0; path = cIFilterEyes.app; sourceTree = BUILT_PRODUCTS_DIR; };
		74520CCF2585341C005AE7DF /* AppDelegate.swift */ = {isa = PBXFileReference; lastKnownFileType = sourcecode.swift; path = AppDelegate.swift; sourceTree = "<group>"; };
		74520CD12585341C005AE7DF /* SceneDelegate.swift */ = {isa = PBXFileReference; lastKnownFileType = sourcecode.swift; path = SceneDelegate.swift; sourceTree = "<group>"; };
		74520CD32585341C005AE7DF /* ViewController.swift */ = {isa = PBXFileReference; lastKnownFileType = sourcecode.swift; path = ViewController.swift; sourceTree = "<group>"; };
		74520CD62585341C005AE7DF /* Base */ = {isa = PBXFileReference; lastKnownFileType = file.storyboard; name = Base; path = Base.lproj/Main.storyboard; sourceTree = "<group>"; };
		74520CD82585341D005AE7DF /* Assets.xcassets */ = {isa = PBXFileReference; lastKnownFileType = folder.assetcatalog; path = Assets.xcassets; sourceTree = "<group>"; };
		74520CDB2585341D005AE7DF /* Base */ = {isa = PBXFileReference; lastKnownFileType = file.storyboard; name = Base; path = Base.lproj/LaunchScreen.storyboard; sourceTree = "<group>"; };
		74520CDD2585341D005AE7DF /* Info.plist */ = {isa = PBXFileReference; lastKnownFileType = text.plist.xml; path = Info.plist; sourceTree = "<group>"; };
		74520CE22585341D005AE7DF /* cIFilterEyesTests.xctest */ = {isa = PBXFileReference; explicitFileType = wrapper.cfbundle; includeInIndex = 0; path = cIFilterEyesTests.xctest; sourceTree = BUILT_PRODUCTS_DIR; };
		74520CE62585341D005AE7DF /* cIFilterEyesTests.swift */ = {isa = PBXFileReference; lastKnownFileType = sourcecode.swift; path = cIFilterEyesTests.swift; sourceTree = "<group>"; };
		74520CE82585341D005AE7DF /* Info.plist */ = {isa = PBXFileReference; lastKnownFileType = text.plist.xml; path = Info.plist; sourceTree = "<group>"; };
		74520CED2585341D005AE7DF /* cIFilterEyesUITests.xctest */ = {isa = PBXFileReference; explicitFileType = wrapper.cfbundle; includeInIndex = 0; path = cIFilterEyesUITests.xctest; sourceTree = BUILT_PRODUCTS_DIR; };
		74520CF12585341D005AE7DF /* cIFilterEyesUITests.swift */ = {isa = PBXFileReference; lastKnownFileType = sourcecode.swift; path = cIFilterEyesUITests.swift; sourceTree = "<group>"; };
		74520CF32585341D005AE7DF /* Info.plist */ = {isa = PBXFileReference; lastKnownFileType = text.plist.xml; path = Info.plist; sourceTree = "<group>"; };
/* End PBXFileReference section */

/* Begin PBXFrameworksBuildPhase section */
		74520CC92585341C005AE7DF /* Frameworks */ = {
			isa = PBXFrameworksBuildPhase;
			buildActionMask = 2147483647;
			files = (
			);
			runOnlyForDeploymentPostprocessing = 0;
		};
		74520CDF2585341D005AE7DF /* Frameworks */ = {
			isa = PBXFrameworksBuildPhase;
			buildActionMask = 2147483647;
			files = (
			);
			runOnlyForDeploymentPostprocessing = 0;
		};
		74520CEA2585341D005AE7DF /* Frameworks */ = {
			isa = PBXFrameworksBuildPhase;
			buildActionMask = 2147483647;
			files = (
			);
			runOnlyForDeploymentPostprocessing = 0;
		};
/* End PBXFrameworksBuildPhase section */

/* Begin PBXGroup section */
		74520CC32585341C005AE7DF = {
			isa = PBXGroup;
			children = (
				74520CCE2585341C005AE7DF /* cIFilterEyes */,
				74520CE52585341D005AE7DF /* cIFilterEyesTests */,
				74520CF02585341D005AE7DF /* cIFilterEyesUITests */,
				74520CCD2585341C005AE7DF /* Products */,
			);
			sourceTree = "<group>";
		};
		74520CCD2585341C005AE7DF /* Products */ = {
			isa = PBXGroup;
			children = (
				74520CCC2585341C005AE7DF /* cIFilterEyes.app */,
				74520CE22585341D005AE7DF /* cIFilterEyesTests.xctest */,
				74520CED2585341D005AE7DF /* cIFilterEyesUITests.xctest */,
			);
			name = Products;
			sourceTree = "<group>";
		};
		74520CCE2585341C005AE7DF /* cIFilterEyes */ = {
			isa = PBXGroup;
			children = (
				74520CCF2585341C005AE7DF /* AppDelegate.swift */,
				74520CD12585341C005AE7DF /* SceneDelegate.swift */,
				74520CD32585341C005AE7DF /* ViewController.swift */,
				74520CD52585341C005AE7DF /* Main.storyboard */,
				74520CD82585341D005AE7DF /* Assets.xcassets */,
				74520CDA2585341D005AE7DF /* LaunchScreen.storyboard */,
				74520CDD2585341D005AE7DF /* Info.plist */,
			);
			path = cIFilterEyes;
			sourceTree = "<group>";
		};
		74520CE52585341D005AE7DF /* cIFilterEyesTests */ = {
			isa = PBXGroup;
			children = (
				74520CE62585341D005AE7DF /* cIFilterEyesTests.swift */,
				74520CE82585341D005AE7DF /* Info.plist */,
			);
			path = cIFilterEyesTests;
			sourceTree = "<group>";
		};
		74520CF02585341D005AE7DF /* cIFilterEyesUITests */ = {
			isa = PBXGroup;
			children = (
				74520CF12585341D005AE7DF /* cIFilterEyesUITests.swift */,
				74520CF32585341D005AE7DF /* Info.plist */,
			);
			path = cIFilterEyesUITests;
			sourceTree = "<group>";
		};
/* End PBXGroup section */

/* Begin PBXNativeTarget section */
		74520CCB2585341C005AE7DF /* cIFilterEyes */ = {
			isa = PBXNativeTarget;
			buildConfigurationList = 74520CF62585341D005AE7DF /* Build configuration list for PBXNativeTarget "cIFilterEyes" */;
			buildPhases = (
				74520CC82585341C005AE7DF /* Sources */,
				74520CC92585341C005AE7DF /* Frameworks */,
				74520CCA2585341C005AE7DF /* Resources */,
			);
			buildRules = (
			);
			dependencies = (
			);
			name = cIFilterEyes;
			productName = cIFilterEyes;
			productReference = 74520CCC2585341C005AE7DF /* cIFilterEyes.app */;
			productType = "com.apple.product-type.application";
		};
		74520CE12585341D005AE7DF /* cIFilterEyesTests */ = {
			isa = PBXNativeTarget;
			buildConfigurationList = 74520CF92585341D005AE7DF /* Build configuration list for PBXNativeTarget "cIFilterEyesTests" */;
			buildPhases = (
				74520CDE2585341D005AE7DF /* Sources */,
				74520CDF2585341D005AE7DF /* Frameworks */,
				74520CE02585341D005AE7DF /* Resources */,
			);
			buildRules = (
			);
			dependencies = (
				74520CE42585341D005AE7DF /* PBXTargetDependency */,
			);
			name = cIFilterEyesTests;
			productName = cIFilterEyesTests;
			productReference = 74520CE22585341D005AE7DF /* cIFilterEyesTests.xctest */;
			productType = "com.apple.product-type.bundle.unit-test";
		};
		74520CEC2585341D005AE7DF /* cIFilterEyesUITests */ = {
			isa = PBXNativeTarget;
			buildConfigurationList = 74520CFC2585341D005AE7DF /* Build configuration list for PBXNativeTarget "cIFilterEyesUITests" */;
			buildPhases = (
				74520CE92585341D005AE7DF /* Sources */,
				74520CEA2585341D005AE7DF /* Frameworks */,
				74520CEB2585341D005AE7DF /* Resources */,
			);
			buildRules = (
			);
			dependencies = (
				74520CEF2585341D005AE7DF /* PBXTargetDependency */,
			);
			name = cIFilterEyesUITests;
			productName = cIFilterEyesUITests;
			productReference = 74520CED2585341D005AE7DF /* cIFilterEyesUITests.xctest */;
			productType = "com.apple.product-type.bundle.ui-testing";
		};
/* End PBXNativeTarget section */

/* Begin PBXProject section */
		74520CC42585341C005AE7DF /* Project object */ = {
			isa = PBXProject;
			attributes = {
				LastSwiftUpdateCheck = 1210;
				LastUpgradeCheck = 1210;
				TargetAttributes = {
					74520CCB2585341C005AE7DF = {
						CreatedOnToolsVersion = 12.1;
					};
					74520CE12585341D005AE7DF = {
						CreatedOnToolsVersion = 12.1;
						TestTargetID = 74520CCB2585341C005AE7DF;
					};
					74520CEC2585341D005AE7DF = {
						CreatedOnToolsVersion = 12.1;
						TestTargetID = 74520CCB2585341C005AE7DF;
					};
				};
			};
			buildConfigurationList = 74520CC72585341C005AE7DF /* Build configuration list for PBXProject "cIFilterEyes" */;
			compatibilityVersion = "Xcode 9.3";
			developmentRegion = en;
			hasScannedForEncodings = 0;
			knownRegions = (
				en,
				Base,
			);
			mainGroup = 74520CC32585341C005AE7DF;
			productRefGroup = 74520CCD2585341C005AE7DF /* Products */;
			projectDirPath = "";
			projectRoot = "";
			targets = (
				74520CCB2585341C005AE7DF /* cIFilterEyes */,
				74520CE12585341D005AE7DF /* cIFilterEyesTests */,
				74520CEC2585341D005AE7DF /* cIFilterEyesUITests */,
			);
		};
/* End PBXProject section */

/* Begin PBXResourcesBuildPhase section */
		74520CCA2585341C005AE7DF /* Resources */ = {
			isa = PBXResourcesBuildPhase;
			buildActionMask = 2147483647;
			files = (
				74520CDC2585341D005AE7DF /* LaunchScreen.storyboard in Resources */,
				74520CD92585341D005AE7DF /* Assets.xcassets in Resources */,
				74520CD72585341C005AE7DF /* Main.storyboard in Resources */,
			);
			runOnlyForDeploymentPostprocessing = 0;
		};
		74520CE02585341D005AE7DF /* Resources */ = {
			isa = PBXResourcesBuildPhase;
			buildActionMask = 2147483647;
			files = (
			);
			runOnlyForDeploymentPostprocessing = 0;
		};
		74520CEB2585341D005AE7DF /* Resources */ = {
			isa = PBXResourcesBuildPhase;
			buildActionMask = 2147483647;
			files = (
			);
			runOnlyForDeploymentPostprocessing = 0;
		};
/* End PBXResourcesBuildPhase section */

/* Begin PBXSourcesBuildPhase section */
		74520CC82585341C005AE7DF /* Sources */ = {
			isa = PBXSourcesBuildPhase;
			buildActionMask = 2147483647;
			files = (
				74520CD42585341C005AE7DF /* ViewController.swift in Sources */,
				74520CD02585341C005AE7DF /* AppDelegate.swift in Sources */,
				74520CD22585341C005AE7DF /* SceneDelegate.swift in Sources */,
			);
			runOnlyForDeploymentPostprocessing = 0;
		};
		74520CDE2585341D005AE7DF /* Sources */ = {
			isa = PBXSourcesBuildPhase;
			buildActionMask = 2147483647;
			files = (
				74520CE72585341D005AE7DF /* cIFilterEyesTests.swift in Sources */,
			);
			runOnlyForDeploymentPostprocessing = 0;
		};
		74520CE92585341D005AE7DF /* Sources */ = {
			isa = PBXSourcesBuildPhase;
			buildActionMask = 2147483647;
			files = (
				74520CF22585341D005AE7DF /* cIFilterEyesUITests.swift in Sources */,
			);
			runOnlyForDeploymentPostprocessing = 0;
		};
/* End PBXSourcesBuildPhase section */

/* Begin PBXTargetDependency section */
		74520CE42585341D005AE7DF /* PBXTargetDependency */ = {
			isa = PBXTargetDependency;
			target = 74520CCB2585341C005AE7DF /* cIFilterEyes */;
			targetProxy = 74520CE32585341D005AE7DF /* PBXContainerItemProxy */;
		};
		74520CEF2585341D005AE7DF /* PBXTargetDependency */ = {
			isa = PBXTargetDependency;
			target = 74520CCB2585341C005AE7DF /* cIFilterEyes */;
			targetProxy = 74520CEE2585341D005AE7DF /* PBXContainerItemProxy */;
		};
/* End PBXTargetDependency section */

/* Begin PBXVariantGroup section */
		74520CD52585341C005AE7DF /* Main.storyboard */ = {
			isa = PBXVariantGroup;
			children = (
				74520CD62585341C005AE7DF /* Base */,
			);
			name = Main.storyboard;
			sourceTree = "<group>";
		};
		74520CDA2585341D005AE7DF /* LaunchScreen.storyboard */ = {
			isa = PBXVariantGroup;
			children = (
				74520CDB2585341D005AE7DF /* Base */,
			);
			name = LaunchScreen.storyboard;
			sourceTree = "<group>";
		};
/* End PBXVariantGroup section */

/* Begin XCBuildConfiguration section */
		74520CF42585341D005AE7DF /* Debug */ = {
			isa = XCBuildConfiguration;
			buildSettings = {
				ALWAYS_SEARCH_USER_PATHS = NO;
				CLANG_ANALYZER_NONNULL = YES;
				CLANG_ANALYZER_NUMBER_OBJECT_CONVERSION = YES_AGGRESSIVE;
				CLANG_CXX_LANGUAGE_STANDARD = "gnu++14";
				CLANG_CXX_LIBRARY = "libc++";
				CLANG_ENABLE_MODULES = YES;
				CLANG_ENABLE_OBJC_ARC = YES;
				CLANG_ENABLE_OBJC_WEAK = YES;
				CLANG_WARN_BLOCK_CAPTURE_AUTORELEASING = YES;
				CLANG_WARN_BOOL_CONVERSION = YES;
				CLANG_WARN_COMMA = YES;
				CLANG_WARN_CONSTANT_CONVERSION = YES;
				CLANG_WARN_DEPRECATED_OBJC_IMPLEMENTATIONS = YES;
				CLANG_WARN_DIRECT_OBJC_ISA_USAGE = YES_ERROR;
				CLANG_WARN_DOCUMENTATION_COMMENTS = YES;
				CLANG_WARN_EMPTY_BODY = YES;
				CLANG_WARN_ENUM_CONVERSION = YES;
				CLANG_WARN_INFINITE_RECURSION = YES;
				CLANG_WARN_INT_CONVERSION = YES;
				CLANG_WARN_NON_LITERAL_NULL_CONVERSION = YES;
				CLANG_WARN_OBJC_IMPLICIT_RETAIN_SELF = YES;
				CLANG_WARN_OBJC_LITERAL_CONVERSION = YES;
				CLANG_WARN_OBJC_ROOT_CLASS = YES_ERROR;
				CLANG_WARN_QUOTED_INCLUDE_IN_FRAMEWORK_HEADER = YES;
				CLANG_WARN_RANGE_LOOP_ANALYSIS = YES;
				CLANG_WARN_STRICT_PROTOTYPES = YES;
				CLANG_WARN_SUSPICIOUS_MOVE = YES;
				CLANG_WARN_UNGUARDED_AVAILABILITY = YES_AGGRESSIVE;
				CLANG_WARN_UNREACHABLE_CODE = YES;
				CLANG_WARN__DUPLICATE_METHOD_MATCH = YES;
				COPY_PHASE_STRIP = NO;
				DEBUG_INFORMATION_FORMAT = dwarf;
				ENABLE_STRICT_OBJC_MSGSEND = YES;
				ENABLE_TESTABILITY = YES;
				GCC_C_LANGUAGE_STANDARD = gnu11;
				GCC_DYNAMIC_NO_PIC = NO;
				GCC_NO_COMMON_BLOCKS = YES;
				GCC_OPTIMIZATION_LEVEL = 0;
				GCC_PREPROCESSOR_DEFINITIONS = (
					"DEBUG=1",
					"$(inherited)",
				);
				GCC_WARN_64_TO_32_BIT_CONVERSION = YES;
				GCC_WARN_ABOUT_RETURN_TYPE = YES_ERROR;
				GCC_WARN_UNDECLARED_SELECTOR = YES;
				GCC_WARN_UNINITIALIZED_AUTOS = YES_AGGRESSIVE;
				GCC_WARN_UNUSED_FUNCTION = YES;
				GCC_WARN_UNUSED_VARIABLE = YES;
				IPHONEOS_DEPLOYMENT_TARGET = 14.1;
				MTL_ENABLE_DEBUG_INFO = INCLUDE_SOURCE;
				MTL_FAST_MATH = YES;
				ONLY_ACTIVE_ARCH = YES;
				SDKROOT = iphoneos;
				SWIFT_ACTIVE_COMPILATION_CONDITIONS = DEBUG;
				SWIFT_OPTIMIZATION_LEVEL = "-Onone";
			};
			name = Debug;
		};
		74520CF52585341D005AE7DF /* Release */ = {
			isa = XCBuildConfiguration;
			buildSettings = {
				ALWAYS_SEARCH_USER_PATHS = NO;
				CLANG_ANALYZER_NONNULL = YES;
				CLANG_ANALYZER_NUMBER_OBJECT_CONVERSION = YES_AGGRESSIVE;
				CLANG_CXX_LANGUAGE_STANDARD = "gnu++14";
				CLANG_CXX_LIBRARY = "libc++";
				CLANG_ENABLE_MODULES = YES;
				CLANG_ENABLE_OBJC_ARC = YES;
				CLANG_ENABLE_OBJC_WEAK = YES;
				CLANG_WARN_BLOCK_CAPTURE_AUTORELEASING = YES;
				CLANG_WARN_BOOL_CONVERSION = YES;
				CLANG_WARN_COMMA = YES;
				CLANG_WARN_CONSTANT_CONVERSION = YES;
				CLANG_WARN_DEPRECATED_OBJC_IMPLEMENTATIONS = YES;
				CLANG_WARN_DIRECT_OBJC_ISA_USAGE = YES_ERROR;
				CLANG_WARN_DOCUMENTATION_COMMENTS = YES;
				CLANG_WARN_EMPTY_BODY = YES;
				CLANG_WARN_ENUM_CONVERSION = YES;
				CLANG_WARN_INFINITE_RECURSION = YES;
				CLANG_WARN_INT_CONVERSION = YES;
				CLANG_WARN_NON_LITERAL_NULL_CONVERSION = YES;
				CLANG_WARN_OBJC_IMPLICIT_RETAIN_SELF = YES;
				CLANG_WARN_OBJC_LITERAL_CONVERSION = YES;
				CLANG_WARN_OBJC_ROOT_CLASS = YES_ERROR;
				CLANG_WARN_QUOTED_INCLUDE_IN_FRAMEWORK_HEADER = YES;
				CLANG_WARN_RANGE_LOOP_ANALYSIS = YES;
				CLANG_WARN_STRICT_PROTOTYPES = YES;
				CLANG_WARN_SUSPICIOUS_MOVE = YES;
				CLANG_WARN_UNGUARDED_AVAILABILITY = YES_AGGRESSIVE;
				CLANG_WARN_UNREACHABLE_CODE = YES;
				CLANG_WARN__DUPLICATE_METHOD_MATCH = YES;
				COPY_PHASE_STRIP = NO;
				DEBUG_INFORMATION_FORMAT = "dwarf-with-dsym";
				ENABLE_NS_ASSERTIONS = NO;
				ENABLE_STRICT_OBJC_MSGSEND = YES;
				GCC_C_LANGUAGE_STANDARD = gnu11;
				GCC_NO_COMMON_BLOCKS = YES;
				GCC_WARN_64_TO_32_BIT_CONVERSION = YES;
				GCC_WARN_ABOUT_RETURN_TYPE = YES_ERROR;
				GCC_WARN_UNDECLARED_SELECTOR = YES;
				GCC_WARN_UNINITIALIZED_AUTOS = YES_AGGRESSIVE;
				GCC_WARN_UNUSED_FUNCTION = YES;
				GCC_WARN_UNUSED_VARIABLE = YES;
				IPHONEOS_DEPLOYMENT_TARGET = 14.1;
				MTL_ENABLE_DEBUG_INFO = NO;
				MTL_FAST_MATH = YES;
				SDKROOT = iphoneos;
				SWIFT_COMPILATION_MODE = wholemodule;
				SWIFT_OPTIMIZATION_LEVEL = "-O";
				VALIDATE_PRODUCT = YES;
			};
			name = Release;
		};
		74520CF72585341D005AE7DF /* Debug */ = {
			isa = XCBuildConfiguration;
			buildSettings = {
				ASSETCATALOG_COMPILER_APPICON_NAME = AppIcon;
				ASSETCATALOG_COMPILER_GLOBAL_ACCENT_COLOR_NAME = AccentColor;
				CODE_SIGN_STYLE = Automatic;
				INFOPLIST_FILE = cIFilterEyes/Info.plist;
				LD_RUNPATH_SEARCH_PATHS = (
					"$(inherited)",
					"@executable_path/Frameworks",
				);
				PRODUCT_BUNDLE_IDENTIFIER = com.iosdev.cIFilterEyes;
				PRODUCT_NAME = "$(TARGET_NAME)";
				SWIFT_VERSION = 5.0;
				TARGETED_DEVICE_FAMILY = "1,2";
			};
			name = Debug;
		};
		74520CF82585341D005AE7DF /* Release */ = {
			isa = XCBuildConfiguration;
			buildSettings = {
				ASSETCATALOG_COMPILER_APPICON_NAME = AppIcon;
				ASSETCATALOG_COMPILER_GLOBAL_ACCENT_COLOR_NAME = AccentColor;
				CODE_SIGN_STYLE = Automatic;
				INFOPLIST_FILE = cIFilterEyes/Info.plist;
				LD_RUNPATH_SEARCH_PATHS = (
					"$(inherited)",
					"@executable_path/Frameworks",
				);
				PRODUCT_BUNDLE_IDENTIFIER = com.iosdev.cIFilterEyes;
				PRODUCT_NAME = "$(TARGET_NAME)";
				SWIFT_VERSION = 5.0;
				TARGETED_DEVICE_FAMILY = "1,2";
			};
			name = Release;
		};
		74520CFA2585341D005AE7DF /* Debug */ = {
			isa = XCBuildConfiguration;
			buildSettings = {
				ALWAYS_EMBED_SWIFT_STANDARD_LIBRARIES = YES;
				BUNDLE_LOADER = "$(TEST_HOST)";
				CODE_SIGN_STYLE = Automatic;
				INFOPLIST_FILE = cIFilterEyesTests/Info.plist;
				IPHONEOS_DEPLOYMENT_TARGET = 14.1;
				LD_RUNPATH_SEARCH_PATHS = (
					"$(inherited)",
					"@executable_path/Frameworks",
					"@loader_path/Frameworks",
				);
				PRODUCT_BUNDLE_IDENTIFIER = com.iosdev.cIFilterEyesTests;
				PRODUCT_NAME = "$(TARGET_NAME)";
				SWIFT_VERSION = 5.0;
				TARGETED_DEVICE_FAMILY = "1,2";
				TEST_HOST = "$(BUILT_PRODUCTS_DIR)/cIFilterEyes.app/cIFilterEyes";
			};
			name = Debug;
		};
		74520CFB2585341D005AE7DF /* Release */ = {
			isa = XCBuildConfiguration;
			buildSettings = {
				ALWAYS_EMBED_SWIFT_STANDARD_LIBRARIES = YES;
				BUNDLE_LOADER = "$(TEST_HOST)";
				CODE_SIGN_STYLE = Automatic;
				INFOPLIST_FILE = cIFilterEyesTests/Info.plist;
				IPHONEOS_DEPLOYMENT_TARGET = 14.1;
				LD_RUNPATH_SEARCH_PATHS = (
					"$(inherited)",
					"@executable_path/Frameworks",
					"@loader_path/Frameworks",
				);
				PRODUCT_BUNDLE_IDENTIFIER = com.iosdev.cIFilterEyesTests;
				PRODUCT_NAME = "$(TARGET_NAME)";
				SWIFT_VERSION = 5.0;
				TARGETED_DEVICE_FAMILY = "1,2";
				TEST_HOST = "$(BUILT_PRODUCTS_DIR)/cIFilterEyes.app/cIFilterEyes";
			};
			name = Release;
		};
		74520CFD2585341D005AE7DF /* Debug */ = {
			isa = XCBuildConfiguration;
			buildSettings = {
				ALWAYS_EMBED_SWIFT_STANDARD_LIBRARIES = YES;
				CODE_SIGN_STYLE = Automatic;
				INFOPLIST_FILE = cIFilterEyesUITests/Info.plist;
				LD_RUNPATH_SEARCH_PATHS = (
					"$(inherited)",
					"@executable_path/Frameworks",
					"@loader_path/Frameworks",
				);
				PRODUCT_BUNDLE_IDENTIFIER = com.iosdev.cIFilterEyesUITests;
				PRODUCT_NAME = "$(TARGET_NAME)";
				SWIFT_VERSION = 5.0;
				TARGETED_DEVICE_FAMILY = "1,2";
				TEST_TARGET_NAME = cIFilterEyes;
			};
			name = Debug;
		};
		74520CFE2585341D005AE7DF /* Release */ = {
			isa = XCBuildConfiguration;
			buildSettings = {
				ALWAYS_EMBED_SWIFT_STANDARD_LIBRARIES = YES;
				CODE_SIGN_STYLE = Automatic;
				INFOPLIST_FILE = cIFilterEyesUITests/Info.plist;
				LD_RUNPATH_SEARCH_PATHS = (
					"$(inherited)",
					"@executable_path/Frameworks",
					"@loader_path/Frameworks",
				);
				PRODUCT_BUNDLE_IDENTIFIER = com.iosdev.cIFilterEyesUITests;
				PRODUCT_NAME = "$(TARGET_NAME)";
				SWIFT_VERSION = 5.0;
				TARGETED_DEVICE_FAMILY = "1,2";
				TEST_TARGET_NAME = cIFilterEyes;
			};
			name = Release;
		};
/* End XCBuildConfiguration section */

/* Begin XCConfigurationList section */
		74520CC72585341C005AE7DF /* Build configuration list for PBXProject "cIFilterEyes" */ = {
			isa = XCConfigurationList;
			buildConfigurations = (
				74520CF42585341D005AE7DF /* Debug */,
				74520CF52585341D005AE7DF /* Release */,
			);
			defaultConfigurationIsVisible = 0;
			defaultConfigurationName = Release;
		};
		74520CF62585341D005AE7DF /* Build configuration list for PBXNativeTarget "cIFilterEyes" */ = {
			isa = XCConfigurationList;
			buildConfigurations = (
				74520CF72585341D005AE7DF /* Debug */,
				74520CF82585341D005AE7DF /* Release */,
			);
			defaultConfigurationIsVisible = 0;
			defaultConfigurationName = Release;
		};
		74520CF92585341D005AE7DF /* Build configuration list for PBXNativeTarget "cIFilterEyesTests" */ = {
			isa = XCConfigurationList;
			buildConfigurations = (
				74520CFA2585341D005AE7DF /* Debug */,
				74520CFB2585341D005AE7DF /* Release */,
			);
			defaultConfigurationIsVisible = 0;
			defaultConfigurationName = Release;
		};
		74520CFC2585341D005AE7DF /* Build configuration list for PBXNativeTarget "cIFilterEyesUITests" */ = {
			isa = XCConfigurationList;
			buildConfigurations = (
				74520CFD2585341D005AE7DF /* Debug */,
				74520CFE2585341D005AE7DF /* Release */,
			);
			defaultConfigurationIsVisible = 0;
			defaultConfigurationName = Release;
		};
/* End XCConfigurationList section */
	};
	rootObject = 74520CC42585341C005AE7DF /* Project object */;
}
